
Microsoft Visual Studio Solution File, Format Version 12.00
# Visual Studio Version 17
VisualStudioVersion = 17.8.34316.72
MinimumVisualStudioVersion = 10.0.40219.1
Project("{FAE04EC0-301F-11D3-BF4B-00C04F79EFBC}") = "WorkshopGithub", "WorkshopGithub\WorkshopGithub.csproj", "{AB7DB802-793C-4C53-80C6-64C56CC10A76}"
EndProject
Global
	GlobalSection(SolutionConfigurationPlatforms) = preSolution
		Debug|Any CPU = Debug|Any CPU
		Release|Any CPU = Release|Any CPU
	EndGlobalSection
	GlobalSection(ProjectConfigurationPlatforms) = postSolution
		{AB7DB802-793C-4C53-80C6-64C56CC10A76}.Debug|Any CPU.ActiveCfg = Debug|Any CPU
		{AB7DB802-793C-4C53-80C6-64C56CC10A76}.Debug|Any CPU.Build.0 = Debug|Any CPU
		{AB7DB802-793C-4C53-80C6-64C56CC10A76}.Release|Any CPU.ActiveCfg = Release|Any CPU
		{AB7DB802-793C-4C53-80C6-64C56CC10A76}.Release|Any CPU.Build.0 = Release|Any CPU
	EndGlobalSection
	GlobalSection(SolutionProperties) = preSolution
		HideSolutionNode = FALSE
	EndGlobalSection
	GlobalSection(ExtensibilityGlobals) = postSolution
		SolutionGuid = {CB769742-6DC4-474B-9A7E-C989BC2EC0B1}
	EndGlobalSection
EndGlobal
